
Microsoft Visual Studio Solution File, Format Version 12.00
# Visual Studio Version 16
VisualStudioVersion = 16.0.30907.101
MinimumVisualStudioVersion = 10.0.40219.1
Project("{2150E333-8FDC-42A3-9474-1A3956D46DE8}") = "Solution Items", "Solution Items", "{25B91263-7EEC-4CB4-A2D3-65F82208A2A3}"
	ProjectSection(SolutionItems) = preProject
		.editorconfig = .editorconfig
		README.md = README.md
	EndProjectSection
EndProject
Project("{9A19103F-16F7-4668-BE54-9A1E7A4F7556}") = "OpenapiGenerator.Server", "OpenapiGenerator.Server\OpenapiGenerator.Server.csproj", "{6D333E34-FE9D-44CF-9821-EAA63299AF6B}"
EndProject
Project("{9A19103F-16F7-4668-BE54-9A1E7A4F7556}") = "NSwag.Server", "NSwag.Server\NSwag.Server.csproj", "{FAC2038A-CC96-4773-A6FD-785B88580299}"
EndProject
Global
	GlobalSection(SolutionConfigurationPlatforms) = preSolution
		Debug|Any CPU = Debug|Any CPU
		Release|Any CPU = Release|Any CPU
	EndGlobalSection
	GlobalSection(ProjectConfigurationPlatforms) = postSolution
		{6D333E34-FE9D-44CF-9821-EAA63299AF6B}.Debug|Any CPU.ActiveCfg = Debug|Any CPU
		{6D333E34-FE9D-44CF-9821-EAA63299AF6B}.Debug|Any CPU.Build.0 = Debug|Any CPU
		{6D333E34-FE9D-44CF-9821-EAA63299AF6B}.Release|Any CPU.ActiveCfg = Release|Any CPU
		{6D333E34-FE9D-44CF-9821-EAA63299AF6B}.Release|Any CPU.Build.0 = Release|Any CPU
		{FAC2038A-CC96-4773-A6FD-785B88580299}.Debug|Any CPU.ActiveCfg = Debug|Any CPU
		{FAC2038A-CC96-4773-A6FD-785B88580299}.Debug|Any CPU.Build.0 = Debug|Any CPU
		{FAC2038A-CC96-4773-A6FD-785B88580299}.Release|Any CPU.ActiveCfg = Release|Any CPU
		{FAC2038A-CC96-4773-A6FD-785B88580299}.Release|Any CPU.Build.0 = Release|Any CPU
	EndGlobalSection
	GlobalSection(SolutionProperties) = preSolution
		HideSolutionNode = FALSE
	EndGlobalSection
	GlobalSection(ExtensibilityGlobals) = postSolution
		SolutionGuid = {DDB37A7B-AE8D-4894-8E55-D5B6B2EB9E54}
	EndGlobalSection
EndGlobal
